
Microsoft Visual Studio Solution File, Format Version 12.00
# Visual Studio 14
VisualStudioVersion = 14.0.23107.0
MinimumVisualStudioVersion = 10.0.40219.1
Project("{8BC9CEB8-8B4A-11D0-8D11-00A0C91BC942}") = "windTurbine", "windTurbine\windTurbine.vcxproj", "{E60ABB43-B327-4327-937C-6DBF976D71A8}"
EndProject
Project("{8BC9CEB8-8B4A-11D0-8D11-00A0C91BC942}") = "project", "project\project.vcxproj", "{73DD389A-18F5-4277-A99B-AE7BE7212098}"
EndProject
Project("{8BC9CEB8-8B4A-11D0-8D11-00A0C91BC942}") = "SVM_Project", "SVM_Project\SVM_Project.vcxproj", "{6CA68349-0163-46C5-B55F-05BFDE5FC763}"
EndProject
Global
	GlobalSection(SolutionConfigurationPlatforms) = preSolution
		Debug|x64 = Debug|x64
		Debug|x86 = Debug|x86
		Release|x64 = Release|x64
		Release|x86 = Release|x86
	EndGlobalSection
	GlobalSection(ProjectConfigurationPlatforms) = postSolution
		{E60ABB43-B327-4327-937C-6DBF976D71A8}.Debug|x64.ActiveCfg = Debug|x64
		{E60ABB43-B327-4327-937C-6DBF976D71A8}.Debug|x64.Build.0 = Debug|x64
		{E60ABB43-B327-4327-937C-6DBF976D71A8}.Debug|x86.ActiveCfg = Debug|Win32
		{E60ABB43-B327-4327-937C-6DBF976D71A8}.Debug|x86.Build.0 = Debug|Win32
		{E60ABB43-B327-4327-937C-6DBF976D71A8}.Release|x64.ActiveCfg = Release|x64
		{E60ABB43-B327-4327-937C-6DBF976D71A8}.Release|x64.Build.0 = Release|x64
		{E60ABB43-B327-4327-937C-6DBF976D71A8}.Release|x86.ActiveCfg = Release|Win32
		{E60ABB43-B327-4327-937C-6DBF976D71A8}.Release|x86.Build.0 = Release|Win32
		{73DD389A-18F5-4277-A99B-AE7BE7212098}.Debug|x64.ActiveCfg = Debug|x64
		{73DD389A-18F5-4277-A99B-AE7BE7212098}.Debug|x64.Build.0 = Debug|x64
		{73DD389A-18F5-4277-A99B-AE7BE7212098}.Debug|x86.ActiveCfg = Debug|Win32
		{73DD389A-18F5-4277-A99B-AE7BE7212098}.Debug|x86.Build.0 = Debug|Win32
		{73DD389A-18F5-4277-A99B-AE7BE7212098}.Release|x64.ActiveCfg = Release|x64
		{73DD389A-18F5-4277-A99B-AE7BE7212098}.Release|x64.Build.0 = Release|x64
		{73DD389A-18F5-4277-A99B-AE7BE7212098}.Release|x86.ActiveCfg = Release|Win32
		{73DD389A-18F5-4277-A99B-AE7BE7212098}.Release|x86.Build.0 = Release|Win32
		{6CA68349-0163-46C5-B55F-05BFDE5FC763}.Debug|x64.ActiveCfg = Debug|x64
		{6CA68349-0163-46C5-B55F-05BFDE5FC763}.Debug|x64.Build.0 = Debug|x64
		{6CA68349-0163-46C5-B55F-05BFDE5FC763}.Debug|x86.ActiveCfg = Debug|Win32
		{6CA68349-0163-46C5-B55F-05BFDE5FC763}.Debug|x86.Build.0 = Debug|Win32
		{6CA68349-0163-46C5-B55F-05BFDE5FC763}.Release|x64.ActiveCfg = Release|x64
		{6CA68349-0163-46C5-B55F-05BFDE5FC763}.Release|x64.Build.0 = Release|x64
		{6CA68349-0163-46C5-B55F-05BFDE5FC763}.Release|x86.ActiveCfg = Release|Win32
		{6CA68349-0163-46C5-B55F-05BFDE5FC763}.Release|x86.Build.0 = Release|Win32
	EndGlobalSection
	GlobalSection(SolutionProperties) = preSolution
		HideSolutionNode = FALSE
	EndGlobalSection
EndGlobal
